
Microsoft Visual Studio Solution File, Format Version 12.00
# Visual Studio 15
VisualStudioVersion = 15.0.28307.421
MinimumVisualStudioVersion = 10.0.40219.1
Project("{FAE04EC0-301F-11D3-BF4B-00C04F79EFBC}") = "CodeBlogFitness.BL", "CodeBlogFitness.BL\CodeBlogFitness.BL.csproj", "{1A59336D-C7F7-4EDE-BED8-5E24D33E989A}"
EndProject
Project("{FAE04EC0-301F-11D3-BF4B-00C04F79EFBC}") = "CodeBlogFitness.CMD", "CodeBlogFitness.CMD\CodeBlogFitness.CMD.csproj", "{D17A5EAA-CB55-4284-BAF7-D549E26B365C}"
EndProject
Global
	GlobalSection(SolutionConfigurationPlatforms) = preSolution
		Debug|Any CPU = Debug|Any CPU
		Release|Any CPU = Release|Any CPU
	EndGlobalSection
	GlobalSection(ProjectConfigurationPlatforms) = postSolution
		{1A59336D-C7F7-4EDE-BED8-5E24D33E989A}.Debug|Any CPU.ActiveCfg = Debug|Any CPU
		{1A59336D-C7F7-4EDE-BED8-5E24D33E989A}.Debug|Any CPU.Build.0 = Debug|Any CPU
		{1A59336D-C7F7-4EDE-BED8-5E24D33E989A}.Release|Any CPU.ActiveCfg = Release|Any CPU
		{1A59336D-C7F7-4EDE-BED8-5E24D33E989A}.Release|Any CPU.Build.0 = Release|Any CPU
		{D17A5EAA-CB55-4284-BAF7-D549E26B365C}.Debug|Any CPU.ActiveCfg = Debug|Any CPU
		{D17A5EAA-CB55-4284-BAF7-D549E26B365C}.Debug|Any CPU.Build.0 = Debug|Any CPU
		{D17A5EAA-CB55-4284-BAF7-D549E26B365C}.Release|Any CPU.ActiveCfg = Release|Any CPU
		{D17A5EAA-CB55-4284-BAF7-D549E26B365C}.Release|Any CPU.Build.0 = Release|Any CPU
	EndGlobalSection
	GlobalSection(SolutionProperties) = preSolution
		HideSolutionNode = FALSE
	EndGlobalSection
	GlobalSection(ExtensibilityGlobals) = postSolution
		SolutionGuid = {E916D78E-E4B2-4C21-AF54-A878605714E1}
	EndGlobalSection
EndGlobal
